// !$*UTF8*$!
{
	archiveVersion = 1;
	classes = {
	};
	objectVersion = 46;
	objects = {

/* Begin PBXBuildFile section */
		F9971D511E0127BE003DBC6B /* main.m in Sources */ = {isa = PBXBuildFile; fileRef = F9971D501E0127BE003DBC6B /* main.m */; };
		F9971D541E0127BE003DBC6B /* AppDelegate.m in Sources */ = {isa = PBXBuildFile; fileRef = F9971D531E0127BE003DBC6B /* AppDelegate.m */; };
		F9971D571E0127BE003DBC6B /* ViewController.m in Sources */ = {isa = PBXBuildFile; fileRef = F9971D561E0127BE003DBC6B /* ViewController.m */; };
		F9971D5A1E0127BE003DBC6B /* Main.storyboard in Resources */ = {isa = PBXBuildFile; fileRef = F9971D581E0127BE003DBC6B /* Main.storyboard */; };
		F9971D5C1E0127BE003DBC6B /* Assets.xcassets in Resources */ = {isa = PBXBuildFile; fileRef = F9971D5B1E0127BE003DBC6B /* Assets.xcassets */; };
		F9971D5F1E0127BE003DBC6B /* LaunchScreen.storyboard in Resources */ = {isa = PBXBuildFile; fileRef = F9971D5D1E0127BE003DBC6B /* LaunchScreen.storyboard */; };
		F9971D6A1E01289B003DBC6B /* jpush-ios-2.1.8.a in Frameworks */ = {isa = PBXBuildFile; fileRef = F9971D681E01289B003DBC6B /* jpush-ios-2.1.8.a */; };
/* End PBXBuildFile section */

/* Begin PBXFileReference section */
		F9971D4C1E0127BE003DBC6B /* 极光推送.app */ = {isa = PBXFileReference; explicitFileType = wrapper.application; includeInIndex = 0; path = "极光推送.app"; sourceTree = BUILT_PRODUCTS_DIR; };
		F9971D501E0127BE003DBC6B /* main.m */ = {isa = PBXFileReference; lastKnownFileType = sourcecode.c.objc; path = main.m; sourceTree = "<group>"; };
		F9971D521E0127BE003DBC6B /* AppDelegate.h */ = {isa = PBXFileReference; lastKnownFileType = sourcecode.c.h; path = AppDelegate.h; sourceTree = "<group>"; };
		F9971D531E0127BE003DBC6B /* AppDelegate.m */ = {isa = PBXFileReference; lastKnownFileType = sourcecode.c.objc; path = AppDelegate.m; sourceTree = "<group>"; };
		F9971D551E0127BE003DBC6B /* ViewController.h */ = {isa = PBXFileReference; lastKnownFileType = sourcecode.c.h; path = ViewController.h; sourceTree = "<group>"; };
		F9971D561E0127BE003DBC6B /* ViewController.m */ = {isa = PBXFileReference; lastKnownFileType = sourcecode.c.objc; path = ViewController.m; sourceTree = "<group>"; };
		F9971D591E0127BE003DBC6B /* Base */ = {isa = PBXFileReference; lastKnownFileType = file.storyboard; name = Base; path = Base.lproj/Main.storyboard; sourceTree = "<group>"; };
		F9971D5B1E0127BE003DBC6B /* Assets.xcassets */ = {isa = PBXFileReference; lastKnownFileType = folder.assetcatalog; path = Assets.xcassets; sourceTree = "<group>"; };
		F9971D5E1E0127BE003DBC6B /* Base */ = {isa = PBXFileReference; lastKnownFileType = file.storyboard; name = Base; path = Base.lproj/LaunchScreen.storyboard; sourceTree = "<group>"; };
		F9971D601E0127BE003DBC6B /* Info.plist */ = {isa = PBXFileReference; lastKnownFileType = text.plist.xml; path = Info.plist; sourceTree = "<group>"; };
		F9971D661E012815003DBC6B /* 极光推送.entitlements */ = {isa = PBXFileReference; lastKnownFileType = text.plist.entitlements; path = "极光推送.entitlements"; sourceTree = "<group>"; };
		F9971D681E01289B003DBC6B /* jpush-ios-2.1.8.a */ = {isa = PBXFileReference; lastKnownFileType = archive.ar; path = "jpush-ios-2.1.8.a"; sourceTree = "<group>"; };
		F9971D691E01289B003DBC6B /* JPUSHService.h */ = {isa = PBXFileReference; fileEncoding = 4; lastKnownFileType = sourcecode.c.h; path = JPUSHService.h; sourceTree = "<group>"; };
/* End PBXFileReference section */

/* Begin PBXFrameworksBuildPhase section */
		F9971D491E0127BE003DBC6B /* Frameworks */ = {
			isa = PBXFrameworksBuildPhase;
			buildActionMask = 2147483647;
			files = (
				F9971D6A1E01289B003DBC6B /* jpush-ios-2.1.8.a in Frameworks */,
			);
			runOnlyForDeploymentPostprocessing = 0;
		};
/* End PBXFrameworksBuildPhase section */

/* Begin PBXGroup section */
		F9971D431E0127BE003DBC6B = {
			isa = PBXGroup;
			children = (
				F9971D4E1E0127BE003DBC6B /* 极光推送 */,
				F9971D4D1E0127BE003DBC6B /* Products */,
			);
			sourceTree = "<group>";
		};
		F9971D4D1E0127BE003DBC6B /* Products */ = {
			isa = PBXGroup;
			children = (
				F9971D4C1E0127BE003DBC6B /* 极光推送.app */,
			);
			name = Products;
			sourceTree = "<group>";
		};
		F9971D4E1E0127BE003DBC6B /* 极光推送 */ = {
			isa = PBXGroup;
			children = (
				F9971D671E01289B003DBC6B /* lib */,
				F9971D661E012815003DBC6B /* 极光推送.entitlements */,
				F9971D521E0127BE003DBC6B /* AppDelegate.h */,
				F9971D531E0127BE003DBC6B /* AppDelegate.m */,
				F9971D551E0127BE003DBC6B /* ViewController.h */,
				F9971D561E0127BE003DBC6B /* ViewController.m */,
				F9971D581E0127BE003DBC6B /* Main.storyboard */,
				F9971D5B1E0127BE003DBC6B /* Assets.xcassets */,
				F9971D5D1E0127BE003DBC6B /* LaunchScreen.storyboard */,
				F9971D601E0127BE003DBC6B /* Info.plist */,
				F9971D4F1E0127BE003DBC6B /* Supporting Files */,
			);
			path = "极光推送";
			sourceTree = "<group>";
		};
		F9971D4F1E0127BE003DBC6B /* Supporting Files */ = {
			isa = PBXGroup;
			children = (
				F9971D501E0127BE003DBC6B /* main.m */,
			);
			name = "Supporting Files";
			sourceTree = "<group>";
		};
		F9971D671E01289B003DBC6B /* lib */ = {
			isa = PBXGroup;
			children = (
				F9971D681E01289B003DBC6B /* jpush-ios-2.1.8.a */,
				F9971D691E01289B003DBC6B /* JPUSHService.h */,
			);
			path = lib;
			sourceTree = "<group>";
		};
/* End PBXGroup section */

/* Begin PBXNativeTarget section */
		F9971D4B1E0127BE003DBC6B /* 极光推送 */ = {
			isa = PBXNativeTarget;
			buildConfigurationList = F9971D631E0127BE003DBC6B /* Build configuration list for PBXNativeTarget "极光推送" */;
			buildPhases = (
				F9971D481E0127BE003DBC6B /* Sources */,
				F9971D491E0127BE003DBC6B /* Frameworks */,
				F9971D4A1E0127BE003DBC6B /* Resources */,
			);
			buildRules = (
			);
			dependencies = (
			);
			name = "极光推送";
			productName = "极光推送";
			productReference = F9971D4C1E0127BE003DBC6B /* 极光推送.app */;
			productType = "com.apple.product-type.application";
		};
/* End PBXNativeTarget section */

/* Begin PBXProject section */
		F9971D441E0127BE003DBC6B /* Project object */ = {
			isa = PBXProject;
			attributes = {
				LastUpgradeCheck = 0810;
				ORGANIZATIONNAME = ZH;
				TargetAttributes = {
					F9971D4B1E0127BE003DBC6B = {
						CreatedOnToolsVersion = 8.1;
						DevelopmentTeam = UUERZTHV57;
						ProvisioningStyle = Manual;
						SystemCapabilities = {
							com.apple.BackgroundModes = {
								enabled = 1;
							};
							com.apple.Push = {
								enabled = 1;
							};
						};
					};
				};
			};
			buildConfigurationList = F9971D471E0127BE003DBC6B /* Build configuration list for PBXProject "极光推送" */;
			compatibilityVersion = "Xcode 3.2";
			developmentRegion = English;
			hasScannedForEncodings = 0;
			knownRegions = (
				en,
				Base,
			);
			mainGroup = F9971D431E0127BE003DBC6B;
			productRefGroup = F9971D4D1E0127BE003DBC6B /* Products */;
			projectDirPath = "";
			projectRoot = "";
			targets = (
				F9971D4B1E0127BE003DBC6B /* 极光推送 */,
			);
		};
/* End PBXProject section */

/* Begin PBXResourcesBuildPhase section */
		F9971D4A1E0127BE003DBC6B /* Resources */ = {
			isa = PBXResourcesBuildPhase;
			buildActionMask = 2147483647;
			files = (
				F9971D5F1E0127BE003DBC6B /* LaunchScreen.storyboard in Resources */,
				F9971D5C1E0127BE003DBC6B /* Assets.xcassets in Resources */,
				F9971D5A1E0127BE003DBC6B /* Main.storyboard in Resources */,
			);
			runOnlyForDeploymentPostprocessing = 0;
		};
/* End PBXResourcesBuildPhase section */

/* Begin PBXSourcesBuildPhase section */
		F9971D481E0127BE003DBC6B /* Sources */ = {
			isa = PBXSourcesBuildPhase;
			buildActionMask = 2147483647;
			files = (
				F9971D571E0127BE003DBC6B /* ViewController.m in Sources */,
				F9971D541E0127BE003DBC6B /* AppDelegate.m in Sources */,
				F9971D511E0127BE003DBC6B /* main.m in Sources */,
			);
			runOnlyForDeploymentPostprocessing = 0;
		};
/* End PBXSourcesBuildPhase section */

/* Begin PBXVariantGroup section */
		F9971D581E0127BE003DBC6B /* Main.storyboard */ = {
			isa = PBXVariantGroup;
			children = (
				F9971D591E0127BE003DBC6B /* Base */,
			);
			name = Main.storyboard;
			sourceTree = "<group>";
		};
		F9971D5D1E0127BE003DBC6B /* LaunchScreen.storyboard */ = {
			isa = PBXVariantGroup;
			children = (
				F9971D5E1E0127BE003DBC6B /* Base */,
			);
			name = LaunchScreen.storyboard;
			sourceTree = "<group>";
		};
/* End PBXVariantGroup section */

/* Begin XCBuildConfiguration section */
		F9971D611E0127BE003DBC6B /* Debug */ = {
			isa = XCBuildConfiguration;
			buildSettings = {
				ALWAYS_SEARCH_USER_PATHS = NO;
				CLANG_ANALYZER_NONNULL = YES;
				CLANG_CXX_LANGUAGE_STANDARD = "gnu++0x";
				CLANG_CXX_LIBRARY = "libc++";
				CLANG_ENABLE_MODULES = YES;
				CLANG_ENABLE_OBJC_ARC = YES;
				CLANG_WARN_BOOL_CONVERSION = YES;
				CLANG_WARN_CONSTANT_CONVERSION = YES;
				CLANG_WARN_DIRECT_OBJC_ISA_USAGE = YES_ERROR;
				CLANG_WARN_DOCUMENTATION_COMMENTS = YES;
				CLANG_WARN_EMPTY_BODY = YES;
				CLANG_WARN_ENUM_CONVERSION = YES;
				CLANG_WARN_INFINITE_RECURSION = YES;
				CLANG_WARN_INT_CONVERSION = YES;
				CLANG_WARN_OBJC_ROOT_CLASS = YES_ERROR;
				CLANG_WARN_SUSPICIOUS_MOVES = YES;
				CLANG_WARN_UNREACHABLE_CODE = YES;
				CLANG_WARN__DUPLICATE_METHOD_MATCH = YES;
				"CODE_SIGN_IDENTITY[sdk=iphoneos*]" = "iPhone Developer";
				COPY_PHASE_STRIP = NO;
				DEBUG_INFORMATION_FORMAT = dwarf;
				ENABLE_STRICT_OBJC_MSGSEND = YES;
				ENABLE_TESTABILITY = YES;
				GCC_C_LANGUAGE_STANDARD = gnu99;
				GCC_DYNAMIC_NO_PIC = NO;
				GCC_NO_COMMON_BLOCKS = YES;
				GCC_OPTIMIZATION_LEVEL = 0;
				GCC_PREPROCESSOR_DEFINITIONS = (
					"DEBUG=1",
					"$(inherited)",
				);
				GCC_WARN_64_TO_32_BIT_CONVERSION = YES;
				GCC_WARN_ABOUT_RETURN_TYPE = YES_ERROR;
				GCC_WARN_UNDECLARED_SELECTOR = YES;
				GCC_WARN_UNINITIALIZED_AUTOS = YES_AGGRESSIVE;
				GCC_WARN_UNUSED_FUNCTION = YES;
				GCC_WARN_UNUSED_VARIABLE = YES;
				IPHONEOS_DEPLOYMENT_TARGET = 10.1;
				MTL_ENABLE_DEBUG_INFO = YES;
				ONLY_ACTIVE_ARCH = YES;
				SDKROOT = iphoneos;
				TARGETED_DEVICE_FAMILY = "1,2";
			};
			name = Debug;
		};
		F9971D621E0127BE003DBC6B /* Release */ = {
			isa = XCBuildConfiguration;
			buildSettings = {
				ALWAYS_SEARCH_USER_PATHS = NO;
				CLANG_ANALYZER_NONNULL = YES;
				CLANG_CXX_LANGUAGE_STANDARD = "gnu++0x";
				CLANG_CXX_LIBRARY = "libc++";
				CLANG_ENABLE_MODULES = YES;
				CLANG_ENABLE_OBJC_ARC = YES;
				CLANG_WARN_BOOL_CONVERSION = YES;
				CLANG_WARN_CONSTANT_CONVERSION = YES;
				CLANG_WARN_DIRECT_OBJC_ISA_USAGE = YES_ERROR;
				CLANG_WARN_DOCUMENTATION_COMMENTS = YES;
				CLANG_WARN_EMPTY_BODY = YES;
				CLANG_WARN_ENUM_CONVERSION = YES;
				CLANG_WARN_INFINITE_RECURSION = YES;
				CLANG_WARN_INT_CONVERSION = YES;
				CLANG_WARN_OBJC_ROOT_CLASS = YES_ERROR;
				CLANG_WARN_SUSPICIOUS_MOVES = YES;
				CLANG_WARN_UNREACHABLE_CODE = YES;
				CLANG_WARN__DUPLICATE_METHOD_MATCH = YES;
				"CODE_SIGN_IDENTITY[sdk=iphoneos*]" = "iPhone Developer";
				COPY_PHASE_STRIP = NO;
				DEBUG_INFORMATION_FORMAT = "dwarf-with-dsym";
				ENABLE_NS_ASSERTIONS = NO;
				ENABLE_STRICT_OBJC_MSGSEND = YES;
				GCC_C_LANGUAGE_STANDARD = gnu99;
				GCC_NO_COMMON_BLOCKS = YES;
				GCC_WARN_64_TO_32_BIT_CONVERSION = YES;
				GCC_WARN_ABOUT_RETURN_TYPE = YES_ERROR;
				GCC_WARN_UNDECLARED_SELECTOR = YES;
				GCC_WARN_UNINITIALIZED_AUTOS = YES_AGGRESSIVE;
				GCC_WARN_UNUSED_FUNCTION = YES;
				GCC_WARN_UNUSED_VARIABLE = YES;
				IPHONEOS_DEPLOYMENT_TARGET = 10.1;
				MTL_ENABLE_DEBUG_INFO = NO;
				SDKROOT = iphoneos;
				TARGETED_DEVICE_FAMILY = "1,2";
				VALIDATE_PRODUCT = YES;
			};
			name = Release;
		};
		F9971D641E0127BE003DBC6B /* Debug */ = {
			isa = XCBuildConfiguration;
			buildSettings = {
				ASSETCATALOG_COMPILER_APPICON_NAME = AppIcon;
				CODE_SIGN_ENTITLEMENTS = "极光推送/极光推送.entitlements";
				DEVELOPMENT_TEAM = UUERZTHV57;
				INFOPLIST_FILE = "极光推送/Info.plist";
				LD_RUNPATH_SEARCH_PATHS = "$(inherited) @executable_path/Frameworks";
				LIBRARY_SEARCH_PATHS = (
					"$(inherited)",
					"$(PROJECT_DIR)/极光推送/lib",
				);
				PRODUCT_BUNDLE_IDENTIFIER = cn.handsome.Raochenye;
				PRODUCT_NAME = "$(TARGET_NAME)";
				PROVISIONING_PROFILE = "86a8ffc3-5641-4df9-919b-6e6e36089d35";
				PROVISIONING_PROFILE_SPECIFIER = RemotePushNotificationProfile;
			};
			name = Debug;
		};
		F9971D651E0127BE003DBC6B /* Release */ = {
			isa = XCBuildConfiguration;
			buildSettings = {
				ASSETCATALOG_COMPILER_APPICON_NAME = AppIcon;
				CODE_SIGN_ENTITLEMENTS = "极光推送/极光推送.entitlements";
				DEVELOPMENT_TEAM = UUERZTHV57;
				INFOPLIST_FILE = "极光推送/Info.plist";
				LD_RUNPATH_SEARCH_PATHS = "$(inherited) @executable_path/Frameworks";
				LIBRARY_SEARCH_PATHS = (
					"$(inherited)",
					"$(PROJECT_DIR)/极光推送/lib",
				);
				PRODUCT_BUNDLE_IDENTIFIER = cn.handsome.Raochenye;
				PRODUCT_NAME = "$(TARGET_NAME)";
				PROVISIONING_PROFILE = "86a8ffc3-5641-4df9-919b-6e6e36089d35";
				PROVISIONING_PROFILE_SPECIFIER = RemotePushNotificationProfile;
			};
			name = Release;
		};
/* End XCBuildConfiguration section */

/* Begin XCConfigurationList section */
		F9971D471E0127BE003DBC6B /* Build configuration list for PBXProject "极光推送" */ = {
			isa = XCConfigurationList;
			buildConfigurations = (
				F9971D611E0127BE003DBC6B /* Debug */,
				F9971D621E0127BE003DBC6B /* Release */,
			);
			defaultConfigurationIsVisible = 0;
			defaultConfigurationName = Release;
		};
		F9971D631E0127BE003DBC6B /* Build configuration list for PBXNativeTarget "极光推送" */ = {
			isa = XCConfigurationList;
			buildConfigurations = (
				F9971D641E0127BE003DBC6B /* Debug */,
				F9971D651E0127BE003DBC6B /* Release */,
			);
			defaultConfigurationIsVisible = 0;
		};
/* End XCConfigurationList section */
	};
	rootObject = F9971D441E0127BE003DBC6B /* Project object */;
}
